
Microsoft Visual Studio Solution File, Format Version 12.00
# Visual Studio Version 16
VisualStudioVersion = 16.0.30517.126
MinimumVisualStudioVersion = 10.0.40219.1
Project("{FAE04EC0-301F-11D3-BF4B-00C04F79EFBC}") = "MineSweepGUI", "MineSweepGUI.csproj", "{307E0216-3817-43DE-9D81-20F0E80129EF}"
EndProject
Global
	GlobalSection(SolutionConfigurationPlatforms) = preSolution
		Debug|Any CPU = Debug|Any CPU
		Release|Any CPU = Release|Any CPU
	EndGlobalSection
	GlobalSection(ProjectConfigurationPlatforms) = postSolution
		{307E0216-3817-43DE-9D81-20F0E80129EF}.Debug|Any CPU.ActiveCfg = Debug|Any CPU
		{307E0216-3817-43DE-9D81-20F0E80129EF}.Debug|Any CPU.Build.0 = Debug|Any CPU
		{307E0216-3817-43DE-9D81-20F0E80129EF}.Release|Any CPU.ActiveCfg = Release|Any CPU
		{307E0216-3817-43DE-9D81-20F0E80129EF}.Release|Any CPU.Build.0 = Release|Any CPU
	EndGlobalSection
	GlobalSection(SolutionProperties) = preSolution
		HideSolutionNode = FALSE
	EndGlobalSection
	GlobalSection(ExtensibilityGlobals) = postSolution
		SolutionGuid = {3F2FC00D-280F-46CD-9527-56B3CCB66A40}
	EndGlobalSection
EndGlobal
